
Microsoft Visual Studio Solution File, Format Version 12.00
# Visual Studio Version 16
VisualStudioVersion = 16.0.31005.135
MinimumVisualStudioVersion = 10.0.40219.1
Project("{FAE04EC0-301F-11D3-BF4B-00C04F79EFBC}") = "WPF-Sample", "WPF-Sample\WPF-Sample.csproj", "{BBCE158D-0017-4656-BBBA-9230A240F619}"
EndProject
Global
	GlobalSection(SolutionConfigurationPlatforms) = preSolution
		Debug|Any CPU = Debug|Any CPU
		Release|Any CPU = Release|Any CPU
	EndGlobalSection
	GlobalSection(ProjectConfigurationPlatforms) = postSolution
		{BBCE158D-0017-4656-BBBA-9230A240F619}.Debug|Any CPU.ActiveCfg = Debug|Any CPU
		{BBCE158D-0017-4656-BBBA-9230A240F619}.Debug|Any CPU.Build.0 = Debug|Any CPU
		{BBCE158D-0017-4656-BBBA-9230A240F619}.Release|Any CPU.ActiveCfg = Release|Any CPU
		{BBCE158D-0017-4656-BBBA-9230A240F619}.Release|Any CPU.Build.0 = Release|Any CPU
	EndGlobalSection
	GlobalSection(SolutionProperties) = preSolution
		HideSolutionNode = FALSE
	EndGlobalSection
	GlobalSection(ExtensibilityGlobals) = postSolution
		SolutionGuid = {91F49443-DDC5-42B2-B878-7D82B11E4E5F}
	EndGlobalSection
EndGlobal
